{
  "version": 4,
  "terraform_version": "1.7.1",
  "serial": 5,
  "lineage": "5d928d73-d80d-5a69-b851-32b0f88323ff",
  "outputs": {},
  "resources": [
    {
      "mode": "managed",
      "type": "snowflake_database",
      "name": "myfirstdb1",
      "provider": "provider[\"registry.terraform.io/snowflake-labs/snowflake\"]",
      "instances": [
        {
          "schema_version": 0,
          "attributes": {
            "comment": "DB1",
            "data_retention_time_in_days": 1,
            "from_database": null,
            "from_replica": null,
            "from_share": null,
            "id": "snowflakedb",
            "is_transient": false,
            "name": "snowflakedb",
            "replication_configuration": []
          },
          "sensitive_attributes": [],
          "private": "bnVsbA=="
        }
      ]
    },
    {
      "mode": "managed",
      "type": "snowflake_schema",
      "name": "myfirstsc1",
      "provider": "provider[\"registry.terraform.io/snowflake-labs/snowflake\"]",
      "instances": [
        {
          "schema_version": 0,
          "attributes": {
            "comment": "",
            "data_retention_days": 1,
            "database": "snowflakedb",
            "id": "snowflakedb|my_first_schema",
            "is_managed": false,
            "is_transient": false,
            "name": "my_first_schema",
            "tag": []
          },
          "sensitive_attributes": [],
          "private": "bnVsbA==",
          "dependencies": [
            "snowflake_database.myfirstdb1"
          ]
        }
      ]
    },
    {
      "mode": "managed",
      "type": "snowflake_table",
      "name": "vasantha_tf_table",
      "provider": "provider[\"registry.terraform.io/snowflake-labs/snowflake\"]",
      "instances": [
        {
          "schema_version": 0,
          "attributes": {
            "change_tracking": false,
            "cluster_by": null,
            "column": [
              {
                "comment": "",
                "default": [],
                "identity": [],
                "masking_policy": "",
                "name": "name",
                "nullable": true,
                "type": "VARCHAR(50)"
              },
              {
                "comment": "",
                "default": [],
                "identity": [],
                "masking_policy": "",
                "name": "id",
                "nullable": true,
                "type": "NUMBER(38,0)"
              },
              {
                "comment": "",
                "default": [],
                "identity": [],
                "masking_policy": "",
                "name": "days",
                "nullable": true,
                "type": "NUMBER(38,0)"
              },
              {
                "comment": "",
                "default": [],
                "identity": [],
                "masking_policy": "",
                "name": "percentage",
                "nullable": true,
                "type": "NUMBER(38,0)"
              }
            ],
            "comment": "",
            "data_retention_days": null,
            "data_retention_time_in_days": null,
            "database": "snowflakedb",
            "id": "snowflakedb|my_first_schema|firsttable",
            "name": "firsttable",
            "owner": "ACCOUNTADMIN",
            "primary_key": [],
            "qualified_name": "\"snowflakedb\".\"my_first_schema\".\"firsttable\"",
            "schema": "my_first_schema",
            "tag": []
          },
          "sensitive_attributes": [],
          "private": "bnVsbA==",
          "dependencies": [
            "snowflake_database.myfirstdb1",
            "snowflake_schema.myfirstsc1"
          ]
        }
      ]
    },
    {
      "mode": "managed",
      "type": "snowflake_warehouse",
      "name": "myfirstwar1",
      "provider": "provider[\"registry.terraform.io/snowflake-labs/snowflake\"]",
      "instances": [
        {
          "schema_version": 0,
          "attributes": {
            "auto_resume": true,
            "auto_suspend": 600,
            "comment": "good",
            "enable_query_acceleration": false,
            "id": "myfirstwar1_wh_s",
            "initially_suspended": null,
            "max_cluster_count": 1,
            "max_concurrency_level": 8,
            "min_cluster_count": 1,
            "name": "myfirstwar1_wh_s",
            "query_acceleration_max_scale_factor": 8,
            "resource_monitor": "null",
            "scaling_policy": "STANDARD",
            "statement_queued_timeout_in_seconds": 0,
            "statement_timeout_in_seconds": 172800,
            "wait_for_provisioning": null,
            "warehouse_size": "SMALL",
            "warehouse_type": "STANDARD"
          },
          "sensitive_attributes": [],
          "private": "bnVsbA=="
        }
      ]
    }
  ],
  "check_results": null
}
